
Microsoft Visual Studio Solution File, Format Version 12.00
# Visual Studio Version 17
VisualStudioVersion = 17.1.32414.318
MinimumVisualStudioVersion = 10.0.40219.1
Project("{8BC9CEB8-8B4A-11D0-8D11-00A0C91BC942}") = "Project11_Graphs", "Project11_Graphs\Project11_Graphs.vcxproj", "{11055AEC-5793-4CDB-9499-B98756314B26}"
EndProject
Global
	GlobalSection(SolutionConfigurationPlatforms) = preSolution
		Debug|x64 = Debug|x64
		Debug|x86 = Debug|x86
		Release|x64 = Release|x64
		Release|x86 = Release|x86
	EndGlobalSection
	GlobalSection(ProjectConfigurationPlatforms) = postSolution
		{11055AEC-5793-4CDB-9499-B98756314B26}.Debug|x64.ActiveCfg = Debug|x64
		{11055AEC-5793-4CDB-9499-B98756314B26}.Debug|x64.Build.0 = Debug|x64
		{11055AEC-5793-4CDB-9499-B98756314B26}.Debug|x86.ActiveCfg = Debug|Win32
		{11055AEC-5793-4CDB-9499-B98756314B26}.Debug|x86.Build.0 = Debug|Win32
		{11055AEC-5793-4CDB-9499-B98756314B26}.Release|x64.ActiveCfg = Release|x64
		{11055AEC-5793-4CDB-9499-B98756314B26}.Release|x64.Build.0 = Release|x64
		{11055AEC-5793-4CDB-9499-B98756314B26}.Release|x86.ActiveCfg = Release|Win32
		{11055AEC-5793-4CDB-9499-B98756314B26}.Release|x86.Build.0 = Release|Win32
	EndGlobalSection
	GlobalSection(SolutionProperties) = preSolution
		HideSolutionNode = FALSE
	EndGlobalSection
	GlobalSection(ExtensibilityGlobals) = postSolution
		SolutionGuid = {2FFB6EF3-F0AD-44DA-8968-7A897427C3E7}
	EndGlobalSection
EndGlobal
